
Microsoft Visual Studio Solution File, Format Version 12.00
# Visual Studio Version 16
VisualStudioVersion = 16.0.33927.289
MinimumVisualStudioVersion = 10.0.40219.1
Project("{2150E333-8FDC-42A3-9474-1A3956D46DE8}") = "Task0", "Task0", "{14C9999E-6B5A-4406-8BB2-9FD1F19D325B}"
EndProject
Project("{FAE04EC0-301F-11D3-BF4B-00C04F79EFBC}") = "Tyuiu.ZuborevDA.Sprint5.Task0.V27", "Tyuiu.ZuborevDA.Sprint5.Task0.V27\Tyuiu.ZuborevDA.Sprint5.Task0.V27.csproj", "{0ABB8F9F-F30C-4640-BC9A-1FB0903FE01F}"
EndProject
Project("{FAE04EC0-301F-11D3-BF4B-00C04F79EFBC}") = "Tyuiu.ZuborevDA.Sprint5.Task0.V27.Lib", "Tyuiu.ZuborevDA.Sprint5.Task0.V27.Lib\Tyuiu.ZuborevDA.Sprint5.Task0.V27.Lib.csproj", "{D9B9A881-8BFA-4730-8FD0-99E797872325}"
EndProject
Project("{FAE04EC0-301F-11D3-BF4B-00C04F79EFBC}") = "Tyuiu.ZuborevDA.Sprint5.Task0.V27.Test", "Tyuiu.ZuborevDA.Sprint5.Task0.V27.Test\Tyuiu.ZuborevDA.Sprint5.Task0.V27.Test.csproj", "{A027C93D-4451-475D-8924-443D63A75AF1}"
EndProject
Project("{2150E333-8FDC-42A3-9474-1A3956D46DE8}") = "Task1", "Task1", "{3F8841BC-09CC-4B0A-A2BA-C7371078439C}"
EndProject
Project("{FAE04EC0-301F-11D3-BF4B-00C04F79EFBC}") = "Tyuiu.ZuborevDA.Sprint5.Task1.V28", "Tyuiu.ZuborevDA.Sprint5.Task1.V28\Tyuiu.ZuborevDA.Sprint5.Task1.V28.csproj", "{C96229CC-2F64-4A18-8ACD-F4D240EBD323}"
EndProject
Project("{FAE04EC0-301F-11D3-BF4B-00C04F79EFBC}") = "Tyuiu.ZuborevDA.Sprint5.Task1.V28.Lib", "Tyuiu.ZuborevDA.Sprint5.Task1.V28.Lib\Tyuiu.ZuborevDA.Sprint5.Task1.V28.Lib.csproj", "{D9DA461C-557B-4856-8B30-B83C17CFD241}"
EndProject
Project("{FAE04EC0-301F-11D3-BF4B-00C04F79EFBC}") = "Tyuiu.ZuborevDA.Sprint5.Task1.V28.Test", "Tyuiu.ZuborevDA.Sprint5.Task1.V28.Test\Tyuiu.ZuborevDA.Sprint5.Task1.V28.Test.csproj", "{245EE6E0-49D2-4AC7-A0F4-9053DE6849BE}"
EndProject
Project("{2150E333-8FDC-42A3-9474-1A3956D46DE8}") = "Task2", "Task2", "{6001F590-D819-4CC4-877A-93E977F63E52}"
EndProject
Project("{FAE04EC0-301F-11D3-BF4B-00C04F79EFBC}") = "Tyuiu.ZuborevDA.Sprint5.Task2.V11", "Tyuiu.ZuborevDA.Sprint5.Task2.V11\Tyuiu.ZuborevDA.Sprint5.Task2.V11.csproj", "{8298D67E-8B01-4BF8-BB92-36218CF8B179}"
EndProject
Project("{FAE04EC0-301F-11D3-BF4B-00C04F79EFBC}") = "Tyuiu.ZuborevDA.Sprint5.Task2.V11.Lib", "Tyuiu.ZuborevDA.Sprint5.Task2.V11.Lib\Tyuiu.ZuborevDA.Sprint5.Task2.V11.Lib.csproj", "{181D7788-EEF2-4C90-9715-90E382236EDC}"
EndProject
Project("{FAE04EC0-301F-11D3-BF4B-00C04F79EFBC}") = "Tyuiu.ZuborevDA.Sprint5.Task2.V11.Test", "Tyuiu.ZuborevDA.Sprint5.Task2.V11.Test\Tyuiu.ZuborevDA.Sprint5.Task2.V11.Test.csproj", "{A08F54A7-F720-4294-BF24-AFF7B78284D7}"
EndProject
Project("{2150E333-8FDC-42A3-9474-1A3956D46DE8}") = "Task3", "Task3", "{A81F89FD-CAD1-4682-A91C-271997C3A2B6}"
EndProject
Project("{FAE04EC0-301F-11D3-BF4B-00C04F79EFBC}") = "Tyuiu.ZuborevDA.Sprint5.Task3.V12", "Tyuiu.ZuborevDA.Sprint5.Task3.V12\Tyuiu.ZuborevDA.Sprint5.Task3.V12.csproj", "{9DCA46FF-BE16-48BE-83C2-BB26836AB555}"
EndProject
Project("{FAE04EC0-301F-11D3-BF4B-00C04F79EFBC}") = "Tyuiu.ZuborevDA.Sprint5.Task3.V12.Test", "Tyuiu.ZuborevDA.Sprint5.Task3.V12.Test\Tyuiu.ZuborevDA.Sprint5.Task3.V12.Test.csproj", "{9D29C74B-DE9E-4B57-9D9D-0E87F81FEE8A}"
EndProject
Project("{FAE04EC0-301F-11D3-BF4B-00C04F79EFBC}") = "Tyuiu.ZuborevDA.Sprint5.Task3.V12.Lib", "Tyuiu.ZuborevDA.Sprint5.Task3.V12.Lib\Tyuiu.ZuborevDA.Sprint5.Task3.V12.Lib.csproj", "{EA5ED9E4-1E03-41A9-93F7-0E232482EC29}"
EndProject
Project("{2150E333-8FDC-42A3-9474-1A3956D46DE8}") = "Task4", "Task4", "{D6182185-42B2-4C39-B29B-F2B95ADD53BC}"
EndProject
Project("{FAE04EC0-301F-11D3-BF4B-00C04F79EFBC}") = "Tyuiu.ZuborevDA.Sprint5.Task4.V27", "Tyuiu.ZuborevDA.Sprint5.Task4.V27\Tyuiu.ZuborevDA.Sprint5.Task4.V27.csproj", "{0DD6DF73-CA7F-4E63-BB80-F232D62863C1}"
EndProject
Project("{FAE04EC0-301F-11D3-BF4B-00C04F79EFBC}") = "Tyuiu.ZuborevDA.Sprint5.Task4.V27.Lib", "Tyuiu.ZuborevDA.Sprint5.Task4.V27.Lib\Tyuiu.ZuborevDA.Sprint5.Task4.V27.Lib.csproj", "{3D63A458-DB5C-44F8-B18E-2408EA629995}"
EndProject
Project("{FAE04EC0-301F-11D3-BF4B-00C04F79EFBC}") = "Tyuiu.ZuborevDA.Sprint5.Task4.V27.Test", "Tyuiu.ZuborevDA.Sprint5.Task4.V27.Test\Tyuiu.ZuborevDA.Sprint5.Task4.V27.Test.csproj", "{EADA7D00-2E12-45FB-BF5E-A2AB4F03D4CA}"
EndProject
Project("{2150E333-8FDC-42A3-9474-1A3956D46DE8}") = "Task5", "Task5", "{428F15A9-10FC-4323-AB44-4AB2B2E1F17C}"
EndProject
Project("{FAE04EC0-301F-11D3-BF4B-00C04F79EFBC}") = "Tyuiu.ZuborevDA.Sprint5.Task5.V22", "Tyuiu.ZuborevDA.Sprint5.Task5.V22\Tyuiu.ZuborevDA.Sprint5.Task5.V22.csproj", "{91435F5A-8A6C-416E-B663-1E6224396860}"
EndProject
Project("{FAE04EC0-301F-11D3-BF4B-00C04F79EFBC}") = "Tyuiu.ZuborevDA.Sprint5.Task5.V22.Test", "Tyuiu.ZuborevDA.Sprint5.Task5.V22.Test\Tyuiu.ZuborevDA.Sprint5.Task5.V22.Test.csproj", "{A2364C56-2430-4ACA-B0D3-80E725831262}"
EndProject
Project("{FAE04EC0-301F-11D3-BF4B-00C04F79EFBC}") = "Tyuiu.ZuborevDA.Sprint5.Task5.V22.Lib", "Tyuiu.ZuborevDA.Sprint5.Task5.V22.Lib\Tyuiu.ZuborevDA.Sprint5.Task5.V22.Lib.csproj", "{A6059310-45CF-4935-BDB1-A62A10ABDA80}"
EndProject
Project("{2150E333-8FDC-42A3-9474-1A3956D46DE8}") = "Task6", "Task6", "{AB867A44-0173-4B37-AABA-9192CC9E096E}"
EndProject
Project("{FAE04EC0-301F-11D3-BF4B-00C04F79EFBC}") = "Tyuiu.ZuborevDA.Sprint5.Task6.V3", "Tyuiu.ZuborevDA.Sprint5.Task6.V3\Tyuiu.ZuborevDA.Sprint5.Task6.V3.csproj", "{74D3814E-EC8E-43BD-BBF2-096FB57C038C}"
EndProject
Project("{FAE04EC0-301F-11D3-BF4B-00C04F79EFBC}") = "Tyuiu.ZuborevDA.Sprint5.Task6.V3.Lib", "Tyuiu.ZuborevDA.Sprint5.Task6.V3.Lib\Tyuiu.ZuborevDA.Sprint5.Task6.V3.Lib.csproj", "{996B0A54-F838-424D-AD3F-B077B8C90D65}"
EndProject
Project("{FAE04EC0-301F-11D3-BF4B-00C04F79EFBC}") = "Tyuiu.ZuborevDA.Sprint5.Task6.V3.Test", "Tyuiu.ZuborevDA.Sprint5.Task6.V3.Test\Tyuiu.ZuborevDA.Sprint5.Task6.V3.Test.csproj", "{AD5F9B06-A561-4373-AB09-7FE9C19D3D9B}"
EndProject
Global
	GlobalSection(SolutionConfigurationPlatforms) = preSolution
		Debug|Any CPU = Debug|Any CPU
		Release|Any CPU = Release|Any CPU
	EndGlobalSection
	GlobalSection(ProjectConfigurationPlatforms) = postSolution
		{0ABB8F9F-F30C-4640-BC9A-1FB0903FE01F}.Debug|Any CPU.ActiveCfg = Debug|Any CPU
		{0ABB8F9F-F30C-4640-BC9A-1FB0903FE01F}.Debug|Any CPU.Build.0 = Debug|Any CPU
		{0ABB8F9F-F30C-4640-BC9A-1FB0903FE01F}.Release|Any CPU.ActiveCfg = Release|Any CPU
		{0ABB8F9F-F30C-4640-BC9A-1FB0903FE01F}.Release|Any CPU.Build.0 = Release|Any CPU
		{D9B9A881-8BFA-4730-8FD0-99E797872325}.Debug|Any CPU.ActiveCfg = Debug|Any CPU
		{D9B9A881-8BFA-4730-8FD0-99E797872325}.Debug|Any CPU.Build.0 = Debug|Any CPU
		{D9B9A881-8BFA-4730-8FD0-99E797872325}.Release|Any CPU.ActiveCfg = Release|Any CPU
		{D9B9A881-8BFA-4730-8FD0-99E797872325}.Release|Any CPU.Build.0 = Release|Any CPU
		{A027C93D-4451-475D-8924-443D63A75AF1}.Debug|Any CPU.ActiveCfg = Debug|Any CPU
		{A027C93D-4451-475D-8924-443D63A75AF1}.Debug|Any CPU.Build.0 = Debug|Any CPU
		{A027C93D-4451-475D-8924-443D63A75AF1}.Release|Any CPU.ActiveCfg = Release|Any CPU
		{A027C93D-4451-475D-8924-443D63A75AF1}.Release|Any CPU.Build.0 = Release|Any CPU
		{C96229CC-2F64-4A18-8ACD-F4D240EBD323}.Debug|Any CPU.ActiveCfg = Debug|Any CPU
		{C96229CC-2F64-4A18-8ACD-F4D240EBD323}.Debug|Any CPU.Build.0 = Debug|Any CPU
		{C96229CC-2F64-4A18-8ACD-F4D240EBD323}.Release|Any CPU.ActiveCfg = Release|Any CPU
		{C96229CC-2F64-4A18-8ACD-F4D240EBD323}.Release|Any CPU.Build.0 = Release|Any CPU
		{D9DA461C-557B-4856-8B30-B83C17CFD241}.Debug|Any CPU.ActiveCfg = Debug|Any CPU
		{D9DA461C-557B-4856-8B30-B83C17CFD241}.Debug|Any CPU.Build.0 = Debug|Any CPU
		{D9DA461C-557B-4856-8B30-B83C17CFD241}.Release|Any CPU.ActiveCfg = Release|Any CPU
		{D9DA461C-557B-4856-8B30-B83C17CFD241}.Release|Any CPU.Build.0 = Release|Any CPU
		{245EE6E0-49D2-4AC7-A0F4-9053DE6849BE}.Debug|Any CPU.ActiveCfg = Debug|Any CPU
		{245EE6E0-49D2-4AC7-A0F4-9053DE6849BE}.Debug|Any CPU.Build.0 = Debug|Any CPU
		{245EE6E0-49D2-4AC7-A0F4-9053DE6849BE}.Release|Any CPU.ActiveCfg = Release|Any CPU
		{245EE6E0-49D2-4AC7-A0F4-9053DE6849BE}.Release|Any CPU.Build.0 = Release|Any CPU
		{8298D67E-8B01-4BF8-BB92-36218CF8B179}.Debug|Any CPU.ActiveCfg = Debug|Any CPU
		{8298D67E-8B01-4BF8-BB92-36218CF8B179}.Debug|Any CPU.Build.0 = Debug|Any CPU
		{8298D67E-8B01-4BF8-BB92-36218CF8B179}.Release|Any CPU.ActiveCfg = Release|Any CPU
		{8298D67E-8B01-4BF8-BB92-36218CF8B179}.Release|Any CPU.Build.0 = Release|Any CPU
		{181D7788-EEF2-4C90-9715-90E382236EDC}.Debug|Any CPU.ActiveCfg = Debug|Any CPU
		{181D7788-EEF2-4C90-9715-90E382236EDC}.Debug|Any CPU.Build.0 = Debug|Any CPU
		{181D7788-EEF2-4C90-9715-90E382236EDC}.Release|Any CPU.ActiveCfg = Release|Any CPU
		{181D7788-EEF2-4C90-9715-90E382236EDC}.Release|Any CPU.Build.0 = Release|Any CPU
		{A08F54A7-F720-4294-BF24-AFF7B78284D7}.Debug|Any CPU.ActiveCfg = Debug|Any CPU
		{A08F54A7-F720-4294-BF24-AFF7B78284D7}.Debug|Any CPU.Build.0 = Debug|Any CPU
		{A08F54A7-F720-4294-BF24-AFF7B78284D7}.Release|Any CPU.ActiveCfg = Release|Any CPU
		{A08F54A7-F720-4294-BF24-AFF7B78284D7}.Release|Any CPU.Build.0 = Release|Any CPU
		{9DCA46FF-BE16-48BE-83C2-BB26836AB555}.Debug|Any CPU.ActiveCfg = Debug|Any CPU
		{9DCA46FF-BE16-48BE-83C2-BB26836AB555}.Debug|Any CPU.Build.0 = Debug|Any CPU
		{9DCA46FF-BE16-48BE-83C2-BB26836AB555}.Release|Any CPU.ActiveCfg = Release|Any CPU
		{9DCA46FF-BE16-48BE-83C2-BB26836AB555}.Release|Any CPU.Build.0 = Release|Any CPU
		{9D29C74B-DE9E-4B57-9D9D-0E87F81FEE8A}.Debug|Any CPU.ActiveCfg = Debug|Any CPU
		{9D29C74B-DE9E-4B57-9D9D-0E87F81FEE8A}.Debug|Any CPU.Build.0 = Debug|Any CPU
		{9D29C74B-DE9E-4B57-9D9D-0E87F81FEE8A}.Release|Any CPU.ActiveCfg = Release|Any CPU
		{9D29C74B-DE9E-4B57-9D9D-0E87F81FEE8A}.Release|Any CPU.Build.0 = Release|Any CPU
		{EA5ED9E4-1E03-41A9-93F7-0E232482EC29}.Debug|Any CPU.ActiveCfg = Debug|Any CPU
		{EA5ED9E4-1E03-41A9-93F7-0E232482EC29}.Debug|Any CPU.Build.0 = Debug|Any CPU
		{EA5ED9E4-1E03-41A9-93F7-0E232482EC29}.Release|Any CPU.ActiveCfg = Release|Any CPU
		{EA5ED9E4-1E03-41A9-93F7-0E232482EC29}.Release|Any CPU.Build.0 = Release|Any CPU
		{0DD6DF73-CA7F-4E63-BB80-F232D62863C1}.Debug|Any CPU.ActiveCfg = Debug|Any CPU
		{0DD6DF73-CA7F-4E63-BB80-F232D62863C1}.Debug|Any CPU.Build.0 = Debug|Any CPU
		{0DD6DF73-CA7F-4E63-BB80-F232D62863C1}.Release|Any CPU.ActiveCfg = Release|Any CPU
		{0DD6DF73-CA7F-4E63-BB80-F232D62863C1}.Release|Any CPU.Build.0 = Release|Any CPU
		{3D63A458-DB5C-44F8-B18E-2408EA629995}.Debug|Any CPU.ActiveCfg = Debug|Any CPU
		{3D63A458-DB5C-44F8-B18E-2408EA629995}.Debug|Any CPU.Build.0 = Debug|Any CPU
		{3D63A458-DB5C-44F8-B18E-2408EA629995}.Release|Any CPU.ActiveCfg = Release|Any CPU
		{3D63A458-DB5C-44F8-B18E-2408EA629995}.Release|Any CPU.Build.0 = Release|Any CPU
		{EADA7D00-2E12-45FB-BF5E-A2AB4F03D4CA}.Debug|Any CPU.ActiveCfg = Debug|Any CPU
		{EADA7D00-2E12-45FB-BF5E-A2AB4F03D4CA}.Debug|Any CPU.Build.0 = Debug|Any CPU
		{EADA7D00-2E12-45FB-BF5E-A2AB4F03D4CA}.Release|Any CPU.ActiveCfg = Release|Any CPU
		{EADA7D00-2E12-45FB-BF5E-A2AB4F03D4CA}.Release|Any CPU.Build.0 = Release|Any CPU
		{91435F5A-8A6C-416E-B663-1E6224396860}.Debug|Any CPU.ActiveCfg = Debug|Any CPU
		{91435F5A-8A6C-416E-B663-1E6224396860}.Debug|Any CPU.Build.0 = Debug|Any CPU
		{91435F5A-8A6C-416E-B663-1E6224396860}.Release|Any CPU.ActiveCfg = Release|Any CPU
		{91435F5A-8A6C-416E-B663-1E6224396860}.Release|Any CPU.Build.0 = Release|Any CPU
		{A2364C56-2430-4ACA-B0D3-80E725831262}.Debug|Any CPU.ActiveCfg = Debug|Any CPU
		{A2364C56-2430-4ACA-B0D3-80E725831262}.Debug|Any CPU.Build.0 = Debug|Any CPU
		{A2364C56-2430-4ACA-B0D3-80E725831262}.Release|Any CPU.ActiveCfg = Release|Any CPU
		{A2364C56-2430-4ACA-B0D3-80E725831262}.Release|Any CPU.Build.0 = Release|Any CPU
		{A6059310-45CF-4935-BDB1-A62A10ABDA80}.Debug|Any CPU.ActiveCfg = Debug|Any CPU
		{A6059310-45CF-4935-BDB1-A62A10ABDA80}.Debug|Any CPU.Build.0 = Debug|Any CPU
		{A6059310-45CF-4935-BDB1-A62A10ABDA80}.Release|Any CPU.ActiveCfg = Release|Any CPU
		{A6059310-45CF-4935-BDB1-A62A10ABDA80}.Release|Any CPU.Build.0 = Release|Any CPU
		{74D3814E-EC8E-43BD-BBF2-096FB57C038C}.Debug|Any CPU.ActiveCfg = Debug|Any CPU
		{74D3814E-EC8E-43BD-BBF2-096FB57C038C}.Debug|Any CPU.Build.0 = Debug|Any CPU
		{74D3814E-EC8E-43BD-BBF2-096FB57C038C}.Release|Any CPU.ActiveCfg = Release|Any CPU
		{74D3814E-EC8E-43BD-BBF2-096FB57C038C}.Release|Any CPU.Build.0 = Release|Any CPU
		{996B0A54-F838-424D-AD3F-B077B8C90D65}.Debug|Any CPU.ActiveCfg = Debug|Any CPU
		{996B0A54-F838-424D-AD3F-B077B8C90D65}.Debug|Any CPU.Build.0 = Debug|Any CPU
		{996B0A54-F838-424D-AD3F-B077B8C90D65}.Release|Any CPU.ActiveCfg = Release|Any CPU
		{996B0A54-F838-424D-AD3F-B077B8C90D65}.Release|Any CPU.Build.0 = Release|Any CPU
		{AD5F9B06-A561-4373-AB09-7FE9C19D3D9B}.Debug|Any CPU.ActiveCfg = Debug|Any CPU
		{AD5F9B06-A561-4373-AB09-7FE9C19D3D9B}.Debug|Any CPU.Build.0 = Debug|Any CPU
		{AD5F9B06-A561-4373-AB09-7FE9C19D3D9B}.Release|Any CPU.ActiveCfg = Release|Any CPU
		{AD5F9B06-A561-4373-AB09-7FE9C19D3D9B}.Release|Any CPU.Build.0 = Release|Any CPU
	EndGlobalSection
	GlobalSection(SolutionProperties) = preSolution
		HideSolutionNode = FALSE
	EndGlobalSection
	GlobalSection(NestedProjects) = preSolution
		{0ABB8F9F-F30C-4640-BC9A-1FB0903FE01F} = {14C9999E-6B5A-4406-8BB2-9FD1F19D325B}
		{D9B9A881-8BFA-4730-8FD0-99E797872325} = {14C9999E-6B5A-4406-8BB2-9FD1F19D325B}
		{A027C93D-4451-475D-8924-443D63A75AF1} = {14C9999E-6B5A-4406-8BB2-9FD1F19D325B}
		{C96229CC-2F64-4A18-8ACD-F4D240EBD323} = {3F8841BC-09CC-4B0A-A2BA-C7371078439C}
		{D9DA461C-557B-4856-8B30-B83C17CFD241} = {3F8841BC-09CC-4B0A-A2BA-C7371078439C}
		{245EE6E0-49D2-4AC7-A0F4-9053DE6849BE} = {3F8841BC-09CC-4B0A-A2BA-C7371078439C}
		{8298D67E-8B01-4BF8-BB92-36218CF8B179} = {6001F590-D819-4CC4-877A-93E977F63E52}
		{181D7788-EEF2-4C90-9715-90E382236EDC} = {6001F590-D819-4CC4-877A-93E977F63E52}
		{A08F54A7-F720-4294-BF24-AFF7B78284D7} = {6001F590-D819-4CC4-877A-93E977F63E52}
		{9DCA46FF-BE16-48BE-83C2-BB26836AB555} = {A81F89FD-CAD1-4682-A91C-271997C3A2B6}
		{9D29C74B-DE9E-4B57-9D9D-0E87F81FEE8A} = {A81F89FD-CAD1-4682-A91C-271997C3A2B6}
		{EA5ED9E4-1E03-41A9-93F7-0E232482EC29} = {A81F89FD-CAD1-4682-A91C-271997C3A2B6}
		{0DD6DF73-CA7F-4E63-BB80-F232D62863C1} = {D6182185-42B2-4C39-B29B-F2B95ADD53BC}
		{3D63A458-DB5C-44F8-B18E-2408EA629995} = {D6182185-42B2-4C39-B29B-F2B95ADD53BC}
		{EADA7D00-2E12-45FB-BF5E-A2AB4F03D4CA} = {D6182185-42B2-4C39-B29B-F2B95ADD53BC}
		{91435F5A-8A6C-416E-B663-1E6224396860} = {428F15A9-10FC-4323-AB44-4AB2B2E1F17C}
		{A2364C56-2430-4ACA-B0D3-80E725831262} = {428F15A9-10FC-4323-AB44-4AB2B2E1F17C}
		{A6059310-45CF-4935-BDB1-A62A10ABDA80} = {428F15A9-10FC-4323-AB44-4AB2B2E1F17C}
		{74D3814E-EC8E-43BD-BBF2-096FB57C038C} = {AB867A44-0173-4B37-AABA-9192CC9E096E}
		{996B0A54-F838-424D-AD3F-B077B8C90D65} = {AB867A44-0173-4B37-AABA-9192CC9E096E}
		{AD5F9B06-A561-4373-AB09-7FE9C19D3D9B} = {AB867A44-0173-4B37-AABA-9192CC9E096E}
	EndGlobalSection
	GlobalSection(ExtensibilityGlobals) = postSolution
		SolutionGuid = {872E0BB4-44F1-4E04-B156-4DE29E90AAB7}
	EndGlobalSection
EndGlobal
