
Microsoft Visual Studio Solution File, Format Version 12.00
# Visual Studio Version 16
VisualStudioVersion = 16.0.33927.289
MinimumVisualStudioVersion = 10.0.40219.1
Project("{2150E333-8FDC-42A3-9474-1A3956D46DE8}") = "Task0", "Task0", "{14C9999E-6B5A-4406-8BB2-9FD1F19D325B}"
EndProject
Project("{FAE04EC0-301F-11D3-BF4B-00C04F79EFBC}") = "Tyuiu.ZuborevDA.Sprint5.Task0.V27", "Tyuiu.ZuborevDA.Sprint5.Task0.V27\Tyuiu.ZuborevDA.Sprint5.Task0.V27.csproj", "{0ABB8F9F-F30C-4640-BC9A-1FB0903FE01F}"
EndProject
Project("{FAE04EC0-301F-11D3-BF4B-00C04F79EFBC}") = "Tyuiu.ZuborevDA.Sprint5.Task0.V27.Lib", "Tyuiu.ZuborevDA.Sprint5.Task0.V27.Lib\Tyuiu.ZuborevDA.Sprint5.Task0.V27.Lib.csproj", "{D9B9A881-8BFA-4730-8FD0-99E797872325}"
EndProject
Project("{FAE04EC0-301F-11D3-BF4B-00C04F79EFBC}") = "Tyuiu.ZuborevDA.Sprint5.Task0.V27.Test", "Tyuiu.ZuborevDA.Sprint5.Task0.V27.Test\Tyuiu.ZuborevDA.Sprint5.Task0.V27.Test.csproj", "{A027C93D-4451-475D-8924-443D63A75AF1}"
EndProject
Project("{2150E333-8FDC-42A3-9474-1A3956D46DE8}") = "Task1", "Task1", "{3F8841BC-09CC-4B0A-A2BA-C7371078439C}"
EndProject
Project("{FAE04EC0-301F-11D3-BF4B-00C04F79EFBC}") = "Tyuiu.ZuborevDA.Sprint5.Task1.V28", "Tyuiu.ZuborevDA.Sprint5.Task1.V28\Tyuiu.ZuborevDA.Sprint5.Task1.V28.csproj", "{C96229CC-2F64-4A18-8ACD-F4D240EBD323}"
EndProject
Project("{FAE04EC0-301F-11D3-BF4B-00C04F79EFBC}") = "Tyuiu.ZuborevDA.Sprint5.Task1.V28.Lib", "Tyuiu.ZuborevDA.Sprint5.Task1.V28.Lib\Tyuiu.ZuborevDA.Sprint5.Task1.V28.Lib.csproj", "{D9DA461C-557B-4856-8B30-B83C17CFD241}"
EndProject
Project("{FAE04EC0-301F-11D3-BF4B-00C04F79EFBC}") = "Tyuiu.ZuborevDA.Sprint5.Task1.V28.Test", "Tyuiu.ZuborevDA.Sprint5.Task1.V28.Test\Tyuiu.ZuborevDA.Sprint5.Task1.V28.Test.csproj", "{245EE6E0-49D2-4AC7-A0F4-9053DE6849BE}"
EndProject
Global
	GlobalSection(SolutionConfigurationPlatforms) = preSolution
		Debug|Any CPU = Debug|Any CPU
		Release|Any CPU = Release|Any CPU
	EndGlobalSection
	GlobalSection(ProjectConfigurationPlatforms) = postSolution
		{0ABB8F9F-F30C-4640-BC9A-1FB0903FE01F}.Debug|Any CPU.ActiveCfg = Debug|Any CPU
		{0ABB8F9F-F30C-4640-BC9A-1FB0903FE01F}.Debug|Any CPU.Build.0 = Debug|Any CPU
		{0ABB8F9F-F30C-4640-BC9A-1FB0903FE01F}.Release|Any CPU.ActiveCfg = Release|Any CPU
		{0ABB8F9F-F30C-4640-BC9A-1FB0903FE01F}.Release|Any CPU.Build.0 = Release|Any CPU
		{D9B9A881-8BFA-4730-8FD0-99E797872325}.Debug|Any CPU.ActiveCfg = Debug|Any CPU
		{D9B9A881-8BFA-4730-8FD0-99E797872325}.Debug|Any CPU.Build.0 = Debug|Any CPU
		{D9B9A881-8BFA-4730-8FD0-99E797872325}.Release|Any CPU.ActiveCfg = Release|Any CPU
		{D9B9A881-8BFA-4730-8FD0-99E797872325}.Release|Any CPU.Build.0 = Release|Any CPU
		{A027C93D-4451-475D-8924-443D63A75AF1}.Debug|Any CPU.ActiveCfg = Debug|Any CPU
		{A027C93D-4451-475D-8924-443D63A75AF1}.Debug|Any CPU.Build.0 = Debug|Any CPU
		{A027C93D-4451-475D-8924-443D63A75AF1}.Release|Any CPU.ActiveCfg = Release|Any CPU
		{A027C93D-4451-475D-8924-443D63A75AF1}.Release|Any CPU.Build.0 = Release|Any CPU
		{C96229CC-2F64-4A18-8ACD-F4D240EBD323}.Debug|Any CPU.ActiveCfg = Debug|Any CPU
		{C96229CC-2F64-4A18-8ACD-F4D240EBD323}.Debug|Any CPU.Build.0 = Debug|Any CPU
		{C96229CC-2F64-4A18-8ACD-F4D240EBD323}.Release|Any CPU.ActiveCfg = Release|Any CPU
		{C96229CC-2F64-4A18-8ACD-F4D240EBD323}.Release|Any CPU.Build.0 = Release|Any CPU
		{D9DA461C-557B-4856-8B30-B83C17CFD241}.Debug|Any CPU.ActiveCfg = Debug|Any CPU
		{D9DA461C-557B-4856-8B30-B83C17CFD241}.Debug|Any CPU.Build.0 = Debug|Any CPU
		{D9DA461C-557B-4856-8B30-B83C17CFD241}.Release|Any CPU.ActiveCfg = Release|Any CPU
		{D9DA461C-557B-4856-8B30-B83C17CFD241}.Release|Any CPU.Build.0 = Release|Any CPU
		{245EE6E0-49D2-4AC7-A0F4-9053DE6849BE}.Debug|Any CPU.ActiveCfg = Debug|Any CPU
		{245EE6E0-49D2-4AC7-A0F4-9053DE6849BE}.Debug|Any CPU.Build.0 = Debug|Any CPU
		{245EE6E0-49D2-4AC7-A0F4-9053DE6849BE}.Release|Any CPU.ActiveCfg = Release|Any CPU
		{245EE6E0-49D2-4AC7-A0F4-9053DE6849BE}.Release|Any CPU.Build.0 = Release|Any CPU
	EndGlobalSection
	GlobalSection(SolutionProperties) = preSolution
		HideSolutionNode = FALSE
	EndGlobalSection
	GlobalSection(NestedProjects) = preSolution
		{0ABB8F9F-F30C-4640-BC9A-1FB0903FE01F} = {14C9999E-6B5A-4406-8BB2-9FD1F19D325B}
		{D9B9A881-8BFA-4730-8FD0-99E797872325} = {14C9999E-6B5A-4406-8BB2-9FD1F19D325B}
		{A027C93D-4451-475D-8924-443D63A75AF1} = {14C9999E-6B5A-4406-8BB2-9FD1F19D325B}
		{C96229CC-2F64-4A18-8ACD-F4D240EBD323} = {3F8841BC-09CC-4B0A-A2BA-C7371078439C}
		{D9DA461C-557B-4856-8B30-B83C17CFD241} = {3F8841BC-09CC-4B0A-A2BA-C7371078439C}
		{245EE6E0-49D2-4AC7-A0F4-9053DE6849BE} = {3F8841BC-09CC-4B0A-A2BA-C7371078439C}
	EndGlobalSection
	GlobalSection(ExtensibilityGlobals) = postSolution
		SolutionGuid = {872E0BB4-44F1-4E04-B156-4DE29E90AAB7}
	EndGlobalSection
EndGlobal
