
Microsoft Visual Studio Solution File, Format Version 12.00
# Visual Studio Version 16
VisualStudioVersion = 16.0.33927.289
MinimumVisualStudioVersion = 10.0.40219.1
Project("{2150E333-8FDC-42A3-9474-1A3956D46DE8}") = "Task0", "Task0", "{14C9999E-6B5A-4406-8BB2-9FD1F19D325B}"
EndProject
Project("{FAE04EC0-301F-11D3-BF4B-00C04F79EFBC}") = "Tyuiu.ZuborevDA.Sprint5.Task0.V27", "Tyuiu.ZuborevDA.Sprint5.Task0.V27\Tyuiu.ZuborevDA.Sprint5.Task0.V27.csproj", "{2A191703-BA3A-47BB-B4EB-5162159CD004}"
EndProject
Project("{FAE04EC0-301F-11D3-BF4B-00C04F79EFBC}") = "Tyuiu.ZuborevDA.Sprint5.Task0.V27.Lib", "Tyuiu.ZuborevDA.Sprint5.Task0.V27.Lib\Tyuiu.ZuborevDA.Sprint5.Task0.V27.Lib.csproj", "{2C27DF80-C4E5-41AF-873C-A4C0F0ACD0DD}"
EndProject
Project("{FAE04EC0-301F-11D3-BF4B-00C04F79EFBC}") = "Tyuiu.ZuborevDA.Sprint5.Task0.V27.Test", "Tyuiu.ZuborevDA.Sprint5.Task0.V27.Test\Tyuiu.ZuborevDA.Sprint5.Task0.V27.Test.csproj", "{34193423-3473-492D-90E9-36DCD4AFC4D5}"
EndProject
Global
	GlobalSection(SolutionConfigurationPlatforms) = preSolution
		Debug|Any CPU = Debug|Any CPU
		Release|Any CPU = Release|Any CPU
	EndGlobalSection
	GlobalSection(ProjectConfigurationPlatforms) = postSolution
		{2A191703-BA3A-47BB-B4EB-5162159CD004}.Debug|Any CPU.ActiveCfg = Debug|Any CPU
		{2A191703-BA3A-47BB-B4EB-5162159CD004}.Debug|Any CPU.Build.0 = Debug|Any CPU
		{2A191703-BA3A-47BB-B4EB-5162159CD004}.Release|Any CPU.ActiveCfg = Release|Any CPU
		{2A191703-BA3A-47BB-B4EB-5162159CD004}.Release|Any CPU.Build.0 = Release|Any CPU
		{2C27DF80-C4E5-41AF-873C-A4C0F0ACD0DD}.Debug|Any CPU.ActiveCfg = Debug|Any CPU
		{2C27DF80-C4E5-41AF-873C-A4C0F0ACD0DD}.Debug|Any CPU.Build.0 = Debug|Any CPU
		{2C27DF80-C4E5-41AF-873C-A4C0F0ACD0DD}.Release|Any CPU.ActiveCfg = Release|Any CPU
		{2C27DF80-C4E5-41AF-873C-A4C0F0ACD0DD}.Release|Any CPU.Build.0 = Release|Any CPU
		{34193423-3473-492D-90E9-36DCD4AFC4D5}.Debug|Any CPU.ActiveCfg = Debug|Any CPU
		{34193423-3473-492D-90E9-36DCD4AFC4D5}.Debug|Any CPU.Build.0 = Debug|Any CPU
		{34193423-3473-492D-90E9-36DCD4AFC4D5}.Release|Any CPU.ActiveCfg = Release|Any CPU
		{34193423-3473-492D-90E9-36DCD4AFC4D5}.Release|Any CPU.Build.0 = Release|Any CPU
	EndGlobalSection
	GlobalSection(SolutionProperties) = preSolution
		HideSolutionNode = FALSE
	EndGlobalSection
	GlobalSection(NestedProjects) = preSolution
		{2A191703-BA3A-47BB-B4EB-5162159CD004} = {14C9999E-6B5A-4406-8BB2-9FD1F19D325B}
		{2C27DF80-C4E5-41AF-873C-A4C0F0ACD0DD} = {14C9999E-6B5A-4406-8BB2-9FD1F19D325B}
		{34193423-3473-492D-90E9-36DCD4AFC4D5} = {14C9999E-6B5A-4406-8BB2-9FD1F19D325B}
	EndGlobalSection
	GlobalSection(ExtensibilityGlobals) = postSolution
		SolutionGuid = {872E0BB4-44F1-4E04-B156-4DE29E90AAB7}
	EndGlobalSection
EndGlobal
